{
    "_meta": {
        "hash": {
            "sha256": "023466a5daa2e56e789e2dbe080ecdd75b9f20d44eeb86505552cf2759a579d6"
        },
        "host-environment-markers": {
            "implementation_name": "cpython",
            "implementation_version": "3.5.3",
            "os_name": "posix",
            "platform_machine": "x86_64",
            "platform_python_implementation": "CPython",
            "platform_release": "4.9.0-5-amd64",
            "platform_system": "Linux",
            "platform_version": "#1 SMP Debian 4.9.65-3+deb9u2 (2018-01-04)",
            "python_full_version": "3.5.3",
            "python_version": "3.5",
            "sys_platform": "linux"
        },
        "pipfile-spec": 6,
        "requires": {},
        "sources": [
            {
                "name": "pypi",
                "url": "https://pypi.python.org/simple",
                "verify_ssl": true
            }
        ]
    },
    "default": {
        "dj-database-url": {
            "hashes": [
                "sha256:e16d94c382ea0564c48038fa7fe8d9c890ef1ab1a8ec4cb48e732c124b9482fd",
                "sha256:a6832d8445ee9d788c5baa48aef8130bf61fdc442f7d9a548424d25cd85c9f08"
            ],
            "version": "==0.4.2"
        },
        "django": {
            "hashes": [
                "sha256:4541a60834f28f308ee7b6e96400feca905fb0de473eb9dad6847e98a36d86d4",
                "sha256:0db89374b691b9c8b057632a6cd64b18d08db2f4d63b4d4af6024267ab965f8b"
            ],
            "version": "==1.10.5"
        },
        "django-tinymce": {
            "hashes": [
                "sha256:ed1425aa370e20e8b84809feebc2cd42573790cfb74ad19a942affe8f13b9296",
                "sha256:a7594f342786834e4f6585334652c6a37f1e11ccbc3ea83ae76b9ff9b3cf590c"
            ],
            "version": "==2.7.0"
        },
        "django-widget-tweaks": {
            "hashes": [
                "sha256:0e8e3b7ebd1aafb2250d0f7614cfbad27017b3c727858ee3aee23748dd1f147d",
                "sha256:0baee0b905286fde028fdbd0dd1d985d4656dab472b0fd4ca4cd556ee38a047e"
            ],
            "version": "==1.4.1"
        },
        "gunicorn": {
            "hashes": [
                "sha256:723234ea1fa8dff370ab69830ba8bc37469a7cba13fd66055faeef24085e6530",
                "sha256:813f6916d18a4c8e90efde72f419308b357692f81333cb1125f80013d22fb618"
            ],
            "version": "==19.6.0"
        },
        "whitenoise": {
            "hashes": [
                "sha256:1d62a003a0ab747de96da45c831cbb512dcb7f69c1ef0bd20b1cd4ae45d8a0c4",
                "sha256:d098327276de6fd189398a7bcb95789d1bb2d41b3e011eeae4562f6b1a107dd4"
            ],
            "version": "==3.3.0"
        }
    },
    "develop": {}
}
